
Microsoft Visual Studio Solution File, Format Version 12.00
# Visual Studio Version 16
VisualStudioVersion = 16.0.810.9
MinimumVisualStudioVersion = 10.0.40219.1
Project("{FAE04EC0-301F-11D3-BF4B-00C04F79EFBC}") = "Uebung57_DemoVererbungRechteck", "Uebung57_DemoVererbungRechteck\Uebung57_DemoVererbungRechteck.csproj", "{D2B6E12F-7631-45F7-86E6-C47F0646F9C7}"
EndProject
Global
	GlobalSection(SolutionConfigurationPlatforms) = preSolution
		Debug|anycpu = Debug|anycpu
		Release|anycpu = Release|anycpu
	EndGlobalSection
	GlobalSection(ProjectConfigurationPlatforms) = postSolution
		{D2B6E12F-7631-45F7-86E6-C47F0646F9C7}.Debug|anycpu.ActiveCfg = Debug|anycpu
		{D2B6E12F-7631-45F7-86E6-C47F0646F9C7}.Debug|anycpu.Build.0 = Debug|anycpu
		{D2B6E12F-7631-45F7-86E6-C47F0646F9C7}.Release|anycpu.ActiveCfg = Release|anycpu
		{D2B6E12F-7631-45F7-86E6-C47F0646F9C7}.Release|anycpu.Build.0 = Release|anycpu
	EndGlobalSection
	GlobalSection(SolutionProperties) = preSolution
		HideSolutionNode = FALSE
	EndGlobalSection
	GlobalSection(ExtensibilityGlobals) = postSolution
		SolutionGuid = {00462B40-275F-4626-B44C-F509DDF80854}
	EndGlobalSection
EndGlobal
